<?xml version="1.0" encoding="UTF-8"?>
<!DOCTYPE plist PUBLIC "-//Apple//DTD PLIST 1.0//EN" "http://www.apple.com/DTDs/PropertyList-1.0.dtd">
<plist version="1.0">
<dict>
	<key>archiveVersion</key>
	<string>1</string>
	<key>classes</key>
	<dict/>
	<key>objectVersion</key>
	<string>56</string>
	<key>objects</key>
	<dict>
		<key>028A8D5CAA35EE7C927EC310</key>
		<dict>
			<key>isa</key>
			<string>PBXFileReference</string>
			<key>lastKnownFileType</key>
			<string>sourcecode.swift</string>
			<key>path</key>
			<string>Sources/PhotoVeil/PhotoVeilHome.swift</string>
			<key>sourceTree</key>
			<string>SOURCE_ROOT</string>
		</dict>
		<key>0C806DE6ACB2EC026FA8F435</key>
		<dict>
			<key>buildSettings</key>
			<dict>
				<key>ALWAYS_SEARCH_USER_PATHS</key>
				<string>NO</string>
			</dict>
			<key>isa</key>
			<string>XCBuildConfiguration</string>
			<key>name</key>
			<string>Release</string>
		</dict>
		<key>164D7B3F3E2ED27661AE8179</key>
		<dict>
			<key>fileRef</key>
			<string>2F49A3E66C5AE38197A80451</string>
			<key>isa</key>
			<string>PBXBuildFile</string>
		</dict>
		<key>2CBA881771F0AD8AA96A8B6C</key>
		<dict>
			<key>buildConfigurations</key>
			<array>
				<string>BC197C2D9FA22B524AEDAE11</string>
				<string>BE8D9994C28F968FC5442D80</string>
			</array>
			<key>defaultConfigurationIsVisible</key>
			<string>0</string>
			<key>defaultConfigurationName</key>
			<string>Release</string>
			<key>isa</key>
			<string>XCConfigurationList</string>
		</dict>
		<key>2F49A3E66C5AE38197A80451</key>
		<dict>
			<key>isa</key>
			<string>PBXFileReference</string>
			<key>lastKnownFileType</key>
			<string>sourcecode.swift</string>
			<key>path</key>
			<string>Sources/PhotoVeil/BlurRenderer.swift</string>
			<key>sourceTree</key>
			<string>SOURCE_ROOT</string>
		</dict>
		<key>404109BE81EC8730E074C94C</key>
		<dict>
			<key>fileRef</key>
			<string>8D4A8E71B99338E0A3768F38</string>
			<key>isa</key>
			<string>PBXBuildFile</string>
		</dict>
		<key>4C3FA70C189113B1B20504F9</key>
		<dict>
			<key>children</key>
			<array>
				<string>77B7CE37EFD49D2ABCD6BE67</string>
				<string>A2000000000000000000000D</string>
			</array>
			<key>isa</key>
			<string>PBXGroup</string>
			<key>name</key>
			<string>Products</string>
			<key>sourceTree</key>
			<string>&lt;group&gt;</string>
		</dict>
		<key>4D12E90DD8AA33456686B704</key>
		<dict>
			<key>buildConfigurationList</key>
			<string>F5BB9A17A0B066CDEB415440</string>
			<key>buildPhases</key>
			<array>
				<string>6A8B3942F54EEC3771AD2A18</string>
				<string>BB774E63608D7B6D7F3836C8</string>
				<string>5449264550971F7E368BE212</string>
				<string>B40000000000000000000300</string>
			</array>
			<key>buildRules</key>
			<array/>
			<key>dependencies</key>
			<array/>
			<key>isa</key>
			<string>PBXNativeTarget</string>
			<key>name</key>
			<string>PhotoVeil</string>
			<key>productName</key>
			<string>PhotoVeil</string>
			<key>productReference</key>
			<string>77B7CE37EFD49D2ABCD6BE67</string>
			<key>productType</key>
			<string>com.apple.product-type.application</string>
			<key>packageProductDependencies</key>
			<array>
				<string>B40000000000000000000101</string>
			</array>
		</dict>
		<key>5449264550971F7E368BE212</key>
		<dict>
			<key>buildActionMask</key>
			<string>2147483647</string>
			<key>files</key>
			<array>
				<string>618425174BD56635B3E3ACA9</string>
				<string>A20000000000000000000019</string>
				<string>A20000000000000000000020</string>
				<string>A2000000000000000000000B</string>
				<string>B30000000000000000000102</string>
				<string>B40000000000000000000002</string>
				<string>00367703F4792F528E20B174</string>
				<string>9B10DB7AA7B9F9B5C2E368F2</string>
				<string>D71FBFC6FB52E49CE9B18A26</string>
				<string>E7DA42304ACC1B5612DDCD72</string>
				<string>C378399D4CD14FE6C115BA91</string>
			</array>
			<key>isa</key>
			<string>PBXResourcesBuildPhase</string>
			<key>runOnlyForDeploymentPostprocessing</key>
			<string>0</string>
		</dict>
		<key>618425174BD56635B3E3ACA9</key>
		<dict>
			<key>fileRef</key>
			<string>70B66DBF07F61657C9E0AB91</string>
			<key>isa</key>
			<string>PBXBuildFile</string>
		</dict>
		<key>6A8B3942F54EEC3771AD2A18</key>
		<dict>
			<key>buildActionMask</key>
			<string>2147483647</string>
			<key>files</key>
			<array>
				<string>C9CD68E6AC9FC02872F96923</string>
				<string>82FECB63A1EA00A517B3B3D1</string>
				<string>164D7B3F3E2ED27661AE8179</string>
				<string>404109BE81EC8730E074C94C</string>
				<string>A20000000000000000000002</string>
				<string>A20000000000000000000005</string>
				<string>B30000000000000000000002</string>
				<string>C74081E286D004B8AF426B69</string>
				<string>1FB78E7BEC2079B3486F8AD3</string>
				<string>999C7F34D8640B1366F11E3D</string>
				<string>4D7FEBAE587A214C00C6EB81</string>
				<string>F16A6AF55834919A81429C40</string>
				<string>1482201450FFE4A0A819FA9A</string>
				<string>E56F5843D8F3C27A40F09189</string>
				<string>D382486394B7C490B9CA5328</string>
				<string>D3995EDB0672923C0AADEB0E</string>
				<string>D82AB6BDE28CB58478D1A22C</string>
				<string>B3F7838DFABF0D6DB9D1CAE3</string>
				<string>EA68FADA29623D1737D920C9</string>
				<string>7519993661C0A1199D8A0267</string>
				<string>B33EFE6E9F440F6A184DC272</string>
				<string>5A8CA0ED3ADFF88A9C0BD8A4</string>
				<string>1563786605C6EBDBA941D0A8</string>
			</array>
			<key>isa</key>
			<string>PBXSourcesBuildPhase</string>
			<key>runOnlyForDeploymentPostprocessing</key>
			<string>0</string>
		</dict>
		<key>70869278A35566168D81C18E</key>
		<dict>
			<key>buildConfigurations</key>
			<array>
				<string>73B95E6E24CE1170B12B0131</string>
				<string>0C806DE6ACB2EC026FA8F435</string>
			</array>
			<key>defaultConfigurationIsVisible</key>
			<string>0</string>
			<key>defaultConfigurationName</key>
			<string>Release</string>
			<key>isa</key>
			<string>XCConfigurationList</string>
		</dict>
		<key>70B66DBF07F61657C9E0AB91</key>
		<dict>
			<key>isa</key>
			<string>PBXFileReference</string>
			<key>lastKnownFileType</key>
			<string>folder.assetcatalog</string>
			<key>path</key>
			<string>Design/Assets.xcassets</string>
			<key>sourceTree</key>
			<string>SOURCE_ROOT</string>
		</dict>
		<key>73B95E6E24CE1170B12B0131</key>
		<dict>
			<key>buildSettings</key>
			<dict>
				<key>ALWAYS_SEARCH_USER_PATHS</key>
				<string>NO</string>
				<key>SWIFT_ACTIVE_COMPILATION_CONDITIONS</key>
				<string>$(inherited) DEBUG</string>
				<key>ONLY_ACTIVE_ARCH</key>
				<string>YES</string>
			</dict>
			<key>isa</key>
			<string>XCBuildConfiguration</string>
			<key>name</key>
			<string>Debug</string>
		</dict>
		<key>760DC5F2B16CA2E8A2F0B37D</key>
		<dict>
			<key>isa</key>
			<string>PBXFileReference</string>
			<key>lastKnownFileType</key>
			<string>sourcecode.swift</string>
			<key>path</key>
			<string>Sources/PhotoVeil/PhotoVeilApp.swift</string>
			<key>sourceTree</key>
			<string>SOURCE_ROOT</string>
		</dict>
		<key>77B7CE37EFD49D2ABCD6BE67</key>
		<dict>
			<key>explicitFileType</key>
			<string>wrapper.application</string>
			<key>includeInIndex</key>
			<string>0</string>
			<key>isa</key>
			<string>PBXFileReference</string>
			<key>path</key>
			<string>PhotoVeil.app</string>
			<key>sourceTree</key>
			<string>BUILT_PRODUCTS_DIR</string>
		</dict>
		<key>82FECB63A1EA00A517B3B3D1</key>
		<dict>
			<key>fileRef</key>
			<string>028A8D5CAA35EE7C927EC310</string>
			<key>isa</key>
			<string>PBXBuildFile</string>
		</dict>
		<key>8642ACF60E32BC9E3C379AB9</key>
		<dict>
			<key>attributes</key>
			<dict>
				<key>LastUpgradeCheck</key>
				<string>2660</string>
				<key>TargetAttributes</key>
				<dict>
					<key>A20000000000000000000016</key>
					<dict>
						<key>CreatedOnToolsVersion</key>
						<string>26.6</string>
						<key>TestTargetID</key>
						<string>4D12E90DD8AA33456686B704</string>
					</dict>
				</dict>
			</dict>
			<key>buildConfigurationList</key>
			<string>2CBA881771F0AD8AA96A8B6C</string>
			<key>compatibilityVersion</key>
			<string>Xcode 14.0</string>
			<key>developmentRegion</key>
			<string>en</string>
			<key>isa</key>
			<string>PBXProject</string>
			<key>mainGroup</key>
			<string>D735C32330D43F13950FFC34</string>
			<key>productRefGroup</key>
			<string>4C3FA70C189113B1B20504F9</string>
			<key>projectDirPath</key>
			<string></string>
			<key>projectRoot</key>
			<string></string>
			<key>targets</key>
			<array>
				<string>4D12E90DD8AA33456686B704</string>
				<string>A20000000000000000000016</string>
			</array>
			<key>knownRegions</key>
			<array>
				<string>en</string>
				<string>pl</string>
				<string>Base</string>
			</array>
			<key>packageReferences</key>
			<array>
				<string>B40000000000000000000100</string>
			</array>
		</dict>
		<key>8D0F68AD4BAA454011C498D5</key>
		<dict>
			<key>buildSettings</key>
			<dict>
				<key>ASSETCATALOG_COMPILER_APPICON_NAME</key>
				<string>PhotoVeilIcon</string>
				<key>CURRENT_PROJECT_VERSION</key>
				<string>4</string>
				<key>GENERATE_INFOPLIST_FILE</key>
				<string>NO</string>
				<key>INFOPLIST_FILE</key>
				<string>PhotoVeilInfo.plist</string>
				<key>IPHONEOS_DEPLOYMENT_TARGET</key>
				<string>17.0</string>
				<key>PRODUCT_BUNDLE_IDENTIFIER</key>
				<string>com.maksym1503.veil</string>
				<key>PRODUCT_NAME</key>
				<string>$(TARGET_NAME)</string>
				<key>SDKROOT</key>
				<string>iphoneos</string>
				<key>SUPPORTED_PLATFORMS</key>
				<string>iphoneos iphonesimulator</string>
				<key>SWIFT_VERSION</key>
				<string>5.9</string>
				<key>TARGETED_DEVICE_FAMILY</key>
				<string>1</string>
				<key>MARKETING_VERSION</key>
				<string>4.0</string>
				<key>ALWAYS_SEARCH_USER_PATHS</key>
				<string>NO</string>
				<key>SWIFT_ACTIVE_COMPILATION_CONDITIONS</key>
				<string>$(inherited) DEBUG</string>
				<key>CODE_SIGN_ENTITLEMENTS</key>
				<string>$(VEIL_ENTITLEMENTS_FILE)</string>
				<key>ONLY_ACTIVE_ARCH</key>
				<string>YES</string>
			</dict>
			<key>isa</key>
			<string>XCBuildConfiguration</string>
			<key>name</key>
			<string>Debug</string>
		</dict>
		<key>8D4A8E71B99338E0A3768F38</key>
		<dict>
			<key>isa</key>
			<string>PBXFileReference</string>
			<key>lastKnownFileType</key>
			<string>sourcecode.swift</string>
			<key>path</key>
			<string>Sources/PhotoVeil/ImageGeometryMapper.swift</string>
			<key>sourceTree</key>
			<string>SOURCE_ROOT</string>
		</dict>
		<key>9465341D222F063EAD4D6587</key>
		<dict>
			<key>isa</key>
			<string>PBXFileReference</string>
			<key>lastKnownFileType</key>
			<string>text.plist.xml</string>
			<key>path</key>
			<string>PhotoVeilInfo.plist</string>
			<key>sourceTree</key>
			<string>SOURCE_ROOT</string>
		</dict>
		<key>A20000000000000000000001</key>
		<dict>
			<key>isa</key>
			<string>PBXFileReference</string>
			<key>lastKnownFileType</key>
			<string>sourcecode.swift</string>
			<key>path</key>
			<string>Sources/PhotoVeil/PrivacyImageRenderer.swift</string>
			<key>sourceTree</key>
			<string>SOURCE_ROOT</string>
		</dict>
		<key>A20000000000000000000002</key>
		<dict>
			<key>fileRef</key>
			<string>A20000000000000000000001</string>
			<key>isa</key>
			<string>PBXBuildFile</string>
		</dict>
		<key>A20000000000000000000004</key>
		<dict>
			<key>isa</key>
			<string>PBXFileReference</string>
			<key>lastKnownFileType</key>
			<string>sourcecode.swift</string>
			<key>path</key>
			<string>Sources/PhotoVeil/ZoomablePhotoCanvas.swift</string>
			<key>sourceTree</key>
			<string>SOURCE_ROOT</string>
		</dict>
		<key>A20000000000000000000005</key>
		<dict>
			<key>fileRef</key>
			<string>A20000000000000000000004</string>
			<key>isa</key>
			<string>PBXBuildFile</string>
		</dict>
		<key>A20000000000000000000007</key>
		<dict>
			<key>children</key>
			<array>
				<string>A20000000000000000000008</string>
			</array>
			<key>isa</key>
			<string>PBXGroup</string>
			<key>path</key>
			<string>Tests/PhotoVeilUITests</string>
			<key>sourceTree</key>
			<string>SOURCE_ROOT</string>
		</dict>
		<key>A20000000000000000000008</key>
		<dict>
			<key>isa</key>
			<string>PBXFileReference</string>
			<key>lastKnownFileType</key>
			<string>sourcecode.swift</string>
			<key>path</key>
			<string>PhotoVeilUITests.swift</string>
			<key>sourceTree</key>
			<string>&lt;group&gt;</string>
		</dict>
		<key>A20000000000000000000009</key>
		<dict>
			<key>fileRef</key>
			<string>A20000000000000000000008</string>
			<key>isa</key>
			<string>PBXBuildFile</string>
		</dict>
		<key>A2000000000000000000000A</key>
		<dict>
			<key>isa</key>
			<string>PBXFileReference</string>
			<key>lastKnownFileType</key>
			<string>image.jpeg</string>
			<key>path</key>
			<string>Tests/PhotoVeilUITests/Fixtures/two-people-car.jpg</string>
			<key>sourceTree</key>
			<string>SOURCE_ROOT</string>
		</dict>
		<key>A2000000000000000000000B</key>
		<dict>
			<key>fileRef</key>
			<string>A2000000000000000000000A</string>
			<key>isa</key>
			<string>PBXBuildFile</string>
		</dict>
		<key>A2000000000000000000000D</key>
		<dict>
			<key>explicitFileType</key>
			<string>wrapper.cfbundle</string>
			<key>includeInIndex</key>
			<string>0</string>
			<key>isa</key>
			<string>PBXFileReference</string>
			<key>path</key>
			<string>PhotoVeilUITests.xctest</string>
			<key>sourceTree</key>
			<string>BUILT_PRODUCTS_DIR</string>
		</dict>
		<key>A2000000000000000000000E</key>
		<dict>
			<key>buildActionMask</key>
			<string>2147483647</string>
			<key>files</key>
			<array>
				<string>A20000000000000000000009</string>
			</array>
			<key>isa</key>
			<string>PBXSourcesBuildPhase</string>
			<key>runOnlyForDeploymentPostprocessing</key>
			<string>0</string>
		</dict>
		<key>A2000000000000000000000F</key>
		<dict>
			<key>buildActionMask</key>
			<string>2147483647</string>
			<key>files</key>
			<array/>
			<key>isa</key>
			<string>PBXFrameworksBuildPhase</string>
			<key>runOnlyForDeploymentPostprocessing</key>
			<string>0</string>
		</dict>
		<key>A20000000000000000000010</key>
		<dict>
			<key>buildActionMask</key>
			<string>2147483647</string>
			<key>files</key>
			<array/>
			<key>isa</key>
			<string>PBXResourcesBuildPhase</string>
			<key>runOnlyForDeploymentPostprocessing</key>
			<string>0</string>
		</dict>
		<key>A20000000000000000000011</key>
		<dict>
			<key>containerPortal</key>
			<string>8642ACF60E32BC9E3C379AB9</string>
			<key>isa</key>
			<string>PBXContainerItemProxy</string>
			<key>proxyType</key>
			<string>1</string>
			<key>remoteGlobalIDString</key>
			<string>4D12E90DD8AA33456686B704</string>
			<key>remoteInfo</key>
			<string>PhotoVeil</string>
		</dict>
		<key>A20000000000000000000012</key>
		<dict>
			<key>isa</key>
			<string>PBXTargetDependency</string>
			<key>target</key>
			<string>4D12E90DD8AA33456686B704</string>
			<key>targetProxy</key>
			<string>A20000000000000000000011</string>
		</dict>
		<key>A20000000000000000000013</key>
		<dict>
			<key>buildConfigurations</key>
			<array>
				<string>A20000000000000000000014</string>
				<string>A20000000000000000000015</string>
			</array>
			<key>defaultConfigurationIsVisible</key>
			<string>0</string>
			<key>defaultConfigurationName</key>
			<string>Release</string>
			<key>isa</key>
			<string>XCConfigurationList</string>
		</dict>
		<key>A20000000000000000000014</key>
		<dict>
			<key>buildSettings</key>
			<dict>
				<key>GENERATE_INFOPLIST_FILE</key>
				<string>YES</string>
				<key>IPHONEOS_DEPLOYMENT_TARGET</key>
				<string>17.0</string>
				<key>PRODUCT_BUNDLE_IDENTIFIER</key>
				<string>com.maksym1503.veil.uitests</string>
				<key>PRODUCT_NAME</key>
				<string>$(TARGET_NAME)</string>
				<key>SDKROOT</key>
				<string>iphoneos</string>
				<key>SUPPORTED_PLATFORMS</key>
				<string>iphoneos iphonesimulator</string>
				<key>SWIFT_VERSION</key>
				<string>5.9</string>
				<key>TARGETED_DEVICE_FAMILY</key>
				<string>1</string>
				<key>TEST_TARGET_NAME</key>
				<string>PhotoVeil</string>
				<key>ALWAYS_SEARCH_USER_PATHS</key>
				<string>NO</string>
				<key>SWIFT_ACTIVE_COMPILATION_CONDITIONS</key>
				<string>$(inherited) DEBUG</string>
				<key>ONLY_ACTIVE_ARCH</key>
				<string>YES</string>
			</dict>
			<key>isa</key>
			<string>XCBuildConfiguration</string>
			<key>name</key>
			<string>Debug</string>
		</dict>
		<key>A20000000000000000000015</key>
		<dict>
			<key>buildSettings</key>
			<dict>
				<key>GENERATE_INFOPLIST_FILE</key>
				<string>YES</string>
				<key>IPHONEOS_DEPLOYMENT_TARGET</key>
				<string>17.0</string>
				<key>PRODUCT_BUNDLE_IDENTIFIER</key>
				<string>com.maksym1503.veil.uitests</string>
				<key>PRODUCT_NAME</key>
				<string>$(TARGET_NAME)</string>
				<key>SDKROOT</key>
				<string>iphoneos</string>
				<key>SUPPORTED_PLATFORMS</key>
				<string>iphoneos iphonesimulator</string>
				<key>SWIFT_VERSION</key>
				<string>5.9</string>
				<key>TARGETED_DEVICE_FAMILY</key>
				<string>1</string>
				<key>TEST_TARGET_NAME</key>
				<string>PhotoVeil</string>
				<key>ALWAYS_SEARCH_USER_PATHS</key>
				<string>NO</string>
			</dict>
			<key>isa</key>
			<string>XCBuildConfiguration</string>
			<key>name</key>
			<string>Release</string>
		</dict>
		<key>A20000000000000000000016</key>
		<dict>
			<key>buildConfigurationList</key>
			<string>A20000000000000000000013</string>
			<key>buildPhases</key>
			<array>
				<string>A2000000000000000000000E</string>
				<string>A2000000000000000000000F</string>
				<string>A20000000000000000000010</string>
			</array>
			<key>buildRules</key>
			<array/>
			<key>dependencies</key>
			<array>
				<string>A20000000000000000000012</string>
			</array>
			<key>isa</key>
			<string>PBXNativeTarget</string>
			<key>name</key>
			<string>PhotoVeilUITests</string>
			<key>productName</key>
			<string>PhotoVeilUITests</string>
			<key>productReference</key>
			<string>A2000000000000000000000D</string>
			<key>productType</key>
			<string>com.apple.product-type.bundle.ui-testing</string>
		</dict>
		<key>A20000000000000000000017</key>
		<dict>
			<key>isa</key>
			<string>PBXFileReference</string>
			<key>lastKnownFileType</key>
			<string>image.jpeg</string>
			<key>path</key>
			<string>Tests/PhotoVeilUITests/Fixtures/two-faces.jpg</string>
			<key>sourceTree</key>
			<string>SOURCE_ROOT</string>
		</dict>
		<key>A20000000000000000000018</key>
		<dict>
			<key>isa</key>
			<string>PBXFileReference</string>
			<key>lastKnownFileType</key>
			<string>image.jpeg</string>
			<key>path</key>
			<string>Tests/PhotoVeilUITests/Fixtures/background-person.jpg</string>
			<key>sourceTree</key>
			<string>SOURCE_ROOT</string>
		</dict>
		<key>A20000000000000000000019</key>
		<dict>
			<key>fileRef</key>
			<string>A20000000000000000000017</string>
			<key>isa</key>
			<string>PBXBuildFile</string>
		</dict>
		<key>A20000000000000000000020</key>
		<dict>
			<key>fileRef</key>
			<string>A20000000000000000000018</string>
			<key>isa</key>
			<string>PBXBuildFile</string>
		</dict>
		<key>BB774E63608D7B6D7F3836C8</key>
		<dict>
			<key>buildActionMask</key>
			<string>2147483647</string>
			<key>files</key>
			<array>
				<string>B40000000000000000000102</string>
			</array>
			<key>isa</key>
			<string>PBXFrameworksBuildPhase</string>
			<key>runOnlyForDeploymentPostprocessing</key>
			<string>0</string>
		</dict>
		<key>BC197C2D9FA22B524AEDAE11</key>
		<dict>
			<key>buildSettings</key>
			<dict>
				<key>IPHONEOS_DEPLOYMENT_TARGET</key>
				<string>17.0</string>
				<key>SDKROOT</key>
				<string>iphoneos</string>
				<key>SWIFT_VERSION</key>
				<string>5.9</string>
				<key>ALWAYS_SEARCH_USER_PATHS</key>
				<string>NO</string>
				<key>SWIFT_ACTIVE_COMPILATION_CONDITIONS</key>
				<string>$(inherited) DEBUG</string>
				<key>ONLY_ACTIVE_ARCH</key>
				<string>YES</string>
			</dict>
			<key>isa</key>
			<string>XCBuildConfiguration</string>
			<key>name</key>
			<string>Debug</string>
		</dict>
		<key>BE8D9994C28F968FC5442D80</key>
		<dict>
			<key>buildSettings</key>
			<dict>
				<key>IPHONEOS_DEPLOYMENT_TARGET</key>
				<string>17.0</string>
				<key>SDKROOT</key>
				<string>iphoneos</string>
				<key>SWIFT_VERSION</key>
				<string>5.9</string>
				<key>ALWAYS_SEARCH_USER_PATHS</key>
				<string>NO</string>
			</dict>
			<key>isa</key>
			<string>XCBuildConfiguration</string>
			<key>name</key>
			<string>Release</string>
		</dict>
		<key>C9CD68E6AC9FC02872F96923</key>
		<dict>
			<key>fileRef</key>
			<string>760DC5F2B16CA2E8A2F0B37D</string>
			<key>isa</key>
			<string>PBXBuildFile</string>
		</dict>
		<key>D30A476439C8915824F2DFF5</key>
		<dict>
			<key>buildSettings</key>
			<dict>
				<key>ASSETCATALOG_COMPILER_APPICON_NAME</key>
				<string>PhotoVeilIcon</string>
				<key>CURRENT_PROJECT_VERSION</key>
				<string>4</string>
				<key>GENERATE_INFOPLIST_FILE</key>
				<string>NO</string>
				<key>INFOPLIST_FILE</key>
				<string>PhotoVeilInfo.plist</string>
				<key>IPHONEOS_DEPLOYMENT_TARGET</key>
				<string>17.0</string>
				<key>PRODUCT_BUNDLE_IDENTIFIER</key>
				<string>com.maksym1503.veil</string>
				<key>PRODUCT_NAME</key>
				<string>$(TARGET_NAME)</string>
				<key>SDKROOT</key>
				<string>iphoneos</string>
				<key>SUPPORTED_PLATFORMS</key>
				<string>iphoneos iphonesimulator</string>
				<key>SWIFT_VERSION</key>
				<string>5.9</string>
				<key>TARGETED_DEVICE_FAMILY</key>
				<string>1</string>
				<key>MARKETING_VERSION</key>
				<string>4.0</string>
				<key>ALWAYS_SEARCH_USER_PATHS</key>
				<string>NO</string>
				<key>EXCLUDED_SOURCE_FILE_NAMES</key>
				<string>two-faces.jpg faces-small-landscape.jpg two-people-car.jpg faces-edges-partial.jpg background-person.jpg sample-card.jpg faces-large-medium.jpg faces-small-portrait.jpg</string>
				<key>CODE_SIGN_ENTITLEMENTS</key>
				<string>$(VEIL_ENTITLEMENTS_FILE)</string>
			</dict>
			<key>isa</key>
			<string>XCBuildConfiguration</string>
			<key>name</key>
			<string>Release</string>
		</dict>
		<key>D735C32330D43F13950FFC34</key>
		<dict>
			<key>children</key>
			<array>
				<string>760DC5F2B16CA2E8A2F0B37D</string>
				<string>028A8D5CAA35EE7C927EC310</string>
				<string>2F49A3E66C5AE38197A80451</string>
				<string>8D4A8E71B99338E0A3768F38</string>
				<string>9465341D222F063EAD4D6587</string>
				<string>70B66DBF07F61657C9E0AB91</string>
				<string>4C3FA70C189113B1B20504F9</string>
				<string>A20000000000000000000001</string>
				<string>A20000000000000000000004</string>
				<string>A20000000000000000000007</string>
				<string>A2000000000000000000000A</string>
				<string>A20000000000000000000017</string>
				<string>A20000000000000000000018</string>
				<string>B30000000000000000000001</string>
				<string>B30000000000000000000101</string>
				<string>7AF83B45B2EB6A63D25EF1FE</string>
				<string>030A6BD783D1D1762409AD04</string>
				<string>230805C7B4D3B915AAFEAB7F</string>
				<string>A3A3A387887E3A40A8C3CEE4</string>
				<string>065905340617E350F43DE944</string>
				<string>FA3F697FC7DAE1D809633021</string>
				<string>206D246B756BCF4E76CF9D8E</string>
				<string>B40000000000000000000001</string>
				<string>E3A7A570E0A14705C9DA129F</string>
				<string>2E06B61E884FD4FE585F166A</string>
				<string>585BF57F699742E93FD6A7FD</string>
				<string>8FF566DFBE415998BF97F9EC</string>
				<string>BB9D401203FDA709D631E1D6</string>
				<string>5938AD7F92E244ABF08D155D</string>
				<string>C6DA8A3296CC2FC19F02821C</string>
				<string>AC8B83CC03C7402FE4241084</string>
				<string>72EE8519B0B5650BB6309DAC</string>
				<string>11542297B83FEA98F0034E83</string>
				<string>826961430A23D8004EDA5363</string>
				<string>29599A38BA13162B775EBC16</string>
				<string>6365AA3EF64329B8166B716E</string>
				<string>E1904B9F4B75F5A6959E0ED9</string>
			</array>
			<key>isa</key>
			<string>PBXGroup</string>
			<key>sourceTree</key>
			<string>&lt;group&gt;</string>
		</dict>
		<key>F5BB9A17A0B066CDEB415440</key>
		<dict>
			<key>buildConfigurations</key>
			<array>
				<string>8D0F68AD4BAA454011C498D5</string>
				<string>D30A476439C8915824F2DFF5</string>
			</array>
			<key>defaultConfigurationIsVisible</key>
			<string>0</string>
			<key>defaultConfigurationName</key>
			<string>Release</string>
			<key>isa</key>
			<string>XCConfigurationList</string>
		</dict>
		<key>B30000000000000000000001</key>
		<dict>
			<key>isa</key>
			<string>PBXFileReference</string>
			<key>lastKnownFileType</key>
			<string>sourcecode.swift</string>
			<key>path</key>
			<string>Sources/PhotoVeil/VeilPresentation.swift</string>
			<key>sourceTree</key>
			<string>SOURCE_ROOT</string>
		</dict>
		<key>B30000000000000000000002</key>
		<dict>
			<key>isa</key>
			<string>PBXBuildFile</string>
			<key>fileRef</key>
			<string>B30000000000000000000001</string>
		</dict>
		<key>B30000000000000000000101</key>
		<dict>
			<key>isa</key>
			<string>PBXFileReference</string>
			<key>lastKnownFileType</key>
			<string>text.xml</string>
			<key>path</key>
			<string>PrivacyInfo.xcprivacy</string>
			<key>sourceTree</key>
			<string>SOURCE_ROOT</string>
		</dict>
		<key>B30000000000000000000102</key>
		<dict>
			<key>isa</key>
			<string>PBXBuildFile</string>
			<key>fileRef</key>
			<string>B30000000000000000000101</string>
		</dict>
		<key>7AF83B45B2EB6A63D25EF1FE</key>
		<dict>
			<key>isa</key>
			<string>PBXFileReference</string>
			<key>lastKnownFileType</key>
			<string>sourcecode.swift</string>
			<key>path</key>
			<string>Sources/PhotoVeil/FaceDetection.swift</string>
			<key>sourceTree</key>
			<string>SOURCE_ROOT</string>
		</dict>
		<key>C74081E286D004B8AF426B69</key>
		<dict>
			<key>isa</key>
			<string>PBXBuildFile</string>
			<key>fileRef</key>
			<string>7AF83B45B2EB6A63D25EF1FE</string>
		</dict>
		<key>030A6BD783D1D1762409AD04</key>
		<dict>
			<key>isa</key>
			<string>PBXFileReference</string>
			<key>lastKnownFileType</key>
			<string>sourcecode.swift</string>
			<key>path</key>
			<string>Sources/PhotoVeil/DocumentDetection.swift</string>
			<key>sourceTree</key>
			<string>SOURCE_ROOT</string>
		</dict>
		<key>1FB78E7BEC2079B3486F8AD3</key>
		<dict>
			<key>isa</key>
			<string>PBXBuildFile</string>
			<key>fileRef</key>
			<string>030A6BD783D1D1762409AD04</string>
		</dict>
		<key>230805C7B4D3B915AAFEAB7F</key>
		<dict>
			<key>isa</key>
			<string>PBXFileReference</string>
			<key>lastKnownFileType</key>
			<string>sourcecode.swift</string>
			<key>path</key>
			<string>Sources/PhotoVeil/GalleryStore.swift</string>
			<key>sourceTree</key>
			<string>SOURCE_ROOT</string>
		</dict>
		<key>999C7F34D8640B1366F11E3D</key>
		<dict>
			<key>isa</key>
			<string>PBXBuildFile</string>
			<key>fileRef</key>
			<string>230805C7B4D3B915AAFEAB7F</string>
		</dict>
		<key>A3A3A387887E3A40A8C3CEE4</key>
		<dict>
			<key>isa</key>
			<string>PBXFileReference</string>
			<key>lastKnownFileType</key>
			<string>sourcecode.swift</string>
			<key>path</key>
			<string>Sources/PhotoVeil/VeilGallery.swift</string>
			<key>sourceTree</key>
			<string>SOURCE_ROOT</string>
		</dict>
		<key>4D7FEBAE587A214C00C6EB81</key>
		<dict>
			<key>isa</key>
			<string>PBXBuildFile</string>
			<key>fileRef</key>
			<string>A3A3A387887E3A40A8C3CEE4</string>
		</dict>
		<key>065905340617E350F43DE944</key>
		<dict>
			<key>isa</key>
			<string>PBXFileReference</string>
			<key>lastKnownFileType</key>
			<string>sourcecode.swift</string>
			<key>path</key>
			<string>Sources/PhotoVeil/VeilLibrary.swift</string>
			<key>sourceTree</key>
			<string>SOURCE_ROOT</string>
		</dict>
		<key>F16A6AF55834919A81429C40</key>
		<dict>
			<key>isa</key>
			<string>PBXBuildFile</string>
			<key>fileRef</key>
			<string>065905340617E350F43DE944</string>
		</dict>
		<key>FA3F697FC7DAE1D809633021</key>
		<dict>
			<key>isa</key>
			<string>PBXFileReference</string>
			<key>lastKnownFileType</key>
			<string>sourcecode.swift</string>
			<key>path</key>
			<string>Sources/PhotoVeil/PhotoSavePolicy.swift</string>
			<key>sourceTree</key>
			<string>SOURCE_ROOT</string>
		</dict>
		<key>1482201450FFE4A0A819FA9A</key>
		<dict>
			<key>isa</key>
			<string>PBXBuildFile</string>
			<key>fileRef</key>
			<string>FA3F697FC7DAE1D809633021</string>
		</dict>
		<key>206D246B756BCF4E76CF9D8E</key>
		<dict>
			<key>isa</key>
			<string>PBXFileReference</string>
			<key>lastKnownFileType</key>
			<string>sourcecode.swift</string>
			<key>path</key>
			<string>Sources/PhotoVeil/PhotosSaver.swift</string>
			<key>sourceTree</key>
			<string>SOURCE_ROOT</string>
		</dict>
		<key>E56F5843D8F3C27A40F09189</key>
		<dict>
			<key>isa</key>
			<string>PBXBuildFile</string>
			<key>fileRef</key>
			<string>206D246B756BCF4E76CF9D8E</string>
		</dict>
		<key>B40000000000000000000010</key>
		<dict>
			<key>isa</key>
			<string>PBXFileReference</string>
			<key>lastKnownFileType</key>
			<string>text.plist.strings</string>
			<key>name</key>
			<string>en</string>
			<key>path</key>
			<string>Sources/PhotoVeil/Resources/en.lproj/InfoPlist.strings</string>
			<key>sourceTree</key>
			<string>SOURCE_ROOT</string>
		</dict>
		<key>B40000000000000000000011</key>
		<dict>
			<key>isa</key>
			<string>PBXFileReference</string>
			<key>lastKnownFileType</key>
			<string>text.plist.strings</string>
			<key>name</key>
			<string>pl</string>
			<key>path</key>
			<string>Sources/PhotoVeil/Resources/pl.lproj/InfoPlist.strings</string>
			<key>sourceTree</key>
			<string>SOURCE_ROOT</string>
		</dict>
		<key>B40000000000000000000001</key>
		<dict>
			<key>isa</key>
			<string>PBXVariantGroup</string>
			<key>children</key>
			<array>
				<string>B40000000000000000000010</string>
				<string>B40000000000000000000011</string>
			</array>
			<key>name</key>
			<string>InfoPlist.strings</string>
			<key>sourceTree</key>
			<string>&lt;group&gt;</string>
		</dict>
		<key>B40000000000000000000002</key>
		<dict>
			<key>isa</key>
			<string>PBXBuildFile</string>
			<key>fileRef</key>
			<string>B40000000000000000000001</string>
		</dict>
		<key>B40000000000000000000100</key>
		<dict>
			<key>isa</key>
			<string>XCRemoteSwiftPackageReference</string>
			<key>repositoryURL</key>
			<string>https://github.com/supabase/supabase-swift.git</string>
			<key>requirement</key>
			<dict>
				<key>kind</key>
				<string>exactVersion</string>
				<key>version</key>
				<string>2.55.3</string>
			</dict>
		</dict>
		<key>B40000000000000000000101</key>
		<dict>
			<key>isa</key>
			<string>XCSwiftPackageProductDependency</string>
			<key>package</key>
			<string>B40000000000000000000100</string>
			<key>productName</key>
			<string>Auth</string>
		</dict>
		<key>B40000000000000000000102</key>
		<dict>
			<key>isa</key>
			<string>PBXBuildFile</string>
			<key>productRef</key>
			<string>B40000000000000000000101</string>
		</dict>
		<key>E3A7A570E0A14705C9DA129F</key>
		<dict>
			<key>isa</key>
			<string>PBXFileReference</string>
			<key>lastKnownFileType</key>
			<string>sourcecode.swift</string>
			<key>path</key>
			<string>Sources/PhotoVeil/AccountContracts.swift</string>
			<key>sourceTree</key>
			<string>SOURCE_ROOT</string>
		</dict>
		<key>D382486394B7C490B9CA5328</key>
		<dict>
			<key>isa</key>
			<string>PBXBuildFile</string>
			<key>fileRef</key>
			<string>E3A7A570E0A14705C9DA129F</string>
		</dict>
		<key>2E06B61E884FD4FE585F166A</key>
		<dict>
			<key>isa</key>
			<string>PBXFileReference</string>
			<key>lastKnownFileType</key>
			<string>sourcecode.swift</string>
			<key>path</key>
			<string>Sources/PhotoVeil/BackendConfiguration.swift</string>
			<key>sourceTree</key>
			<string>SOURCE_ROOT</string>
		</dict>
		<key>D3995EDB0672923C0AADEB0E</key>
		<dict>
			<key>isa</key>
			<string>PBXBuildFile</string>
			<key>fileRef</key>
			<string>2E06B61E884FD4FE585F166A</string>
		</dict>
		<key>585BF57F699742E93FD6A7FD</key>
		<dict>
			<key>isa</key>
			<string>PBXFileReference</string>
			<key>lastKnownFileType</key>
			<string>sourcecode.swift</string>
			<key>path</key>
			<string>Sources/PhotoVeil/BackendTransport.swift</string>
			<key>sourceTree</key>
			<string>SOURCE_ROOT</string>
		</dict>
		<key>D82AB6BDE28CB58478D1A22C</key>
		<dict>
			<key>isa</key>
			<string>PBXBuildFile</string>
			<key>fileRef</key>
			<string>585BF57F699742E93FD6A7FD</string>
		</dict>
		<key>8FF566DFBE415998BF97F9EC</key>
		<dict>
			<key>isa</key>
			<string>PBXFileReference</string>
			<key>lastKnownFileType</key>
			<string>sourcecode.swift</string>
			<key>path</key>
			<string>Sources/PhotoVeil/SupabaseAuthentication.swift</string>
			<key>sourceTree</key>
			<string>SOURCE_ROOT</string>
		</dict>
		<key>B3F7838DFABF0D6DB9D1CAE3</key>
		<dict>
			<key>isa</key>
			<string>PBXBuildFile</string>
			<key>fileRef</key>
			<string>8FF566DFBE415998BF97F9EC</string>
		</dict>
		<key>BB9D401203FDA709D631E1D6</key>
		<dict>
			<key>isa</key>
			<string>PBXFileReference</string>
			<key>lastKnownFileType</key>
			<string>sourcecode.swift</string>
			<key>path</key>
			<string>Sources/PhotoVeil/ProtectedAuthStorage.swift</string>
			<key>sourceTree</key>
			<string>SOURCE_ROOT</string>
		</dict>
		<key>EA68FADA29623D1737D920C9</key>
		<dict>
			<key>isa</key>
			<string>PBXBuildFile</string>
			<key>fileRef</key>
			<string>BB9D401203FDA709D631E1D6</string>
		</dict>
		<key>5938AD7F92E244ABF08D155D</key>
		<dict>
			<key>isa</key>
			<string>PBXFileReference</string>
			<key>lastKnownFileType</key>
			<string>sourcecode.swift</string>
			<key>path</key>
			<string>Sources/PhotoVeil/CloudSync.swift</string>
			<key>sourceTree</key>
			<string>SOURCE_ROOT</string>
		</dict>
		<key>7519993661C0A1199D8A0267</key>
		<dict>
			<key>isa</key>
			<string>PBXBuildFile</string>
			<key>fileRef</key>
			<string>5938AD7F92E244ABF08D155D</string>
		</dict>
		<key>C6DA8A3296CC2FC19F02821C</key>
		<dict>
			<key>isa</key>
			<string>PBXFileReference</string>
			<key>lastKnownFileType</key>
			<string>sourcecode.swift</string>
			<key>path</key>
			<string>Sources/PhotoVeil/SupabaseGallery.swift</string>
			<key>sourceTree</key>
			<string>SOURCE_ROOT</string>
		</dict>
		<key>B33EFE6E9F440F6A184DC272</key>
		<dict>
			<key>isa</key>
			<string>PBXBuildFile</string>
			<key>fileRef</key>
			<string>C6DA8A3296CC2FC19F02821C</string>
		</dict>
		<key>AC8B83CC03C7402FE4241084</key>
		<dict>
			<key>isa</key>
			<string>PBXFileReference</string>
			<key>lastKnownFileType</key>
			<string>sourcecode.swift</string>
			<key>path</key>
			<string>Sources/PhotoVeil/VeilAccount.swift</string>
			<key>sourceTree</key>
			<string>SOURCE_ROOT</string>
		</dict>
		<key>5A8CA0ED3ADFF88A9C0BD8A4</key>
		<dict>
			<key>isa</key>
			<string>PBXBuildFile</string>
			<key>fileRef</key>
			<string>AC8B83CC03C7402FE4241084</string>
		</dict>
		<key>B40000000000000000000300</key>
		<dict>
			<key>isa</key>
			<string>PBXShellScriptBuildPhase</string>
			<key>buildActionMask</key>
			<string>2147483647</string>
			<key>files</key>
			<array/>
			<key>inputPaths</key>
			<array>
				<string>$(SRCROOT)/Configuration</string>
			</array>
			<key>outputPaths</key>
			<array>
				<string>$(TARGET_BUILD_DIR)/$(UNLOCALIZED_RESOURCES_FOLDER_PATH)/VeilBackend.plist</string>
			</array>
			<key>name</key>
			<string>Copy optional public backend configuration</string>
			<key>shellPath</key>
			<string>/bin/sh</string>
			<key>shellScript</key>
			<string>if [ -f "${SRCROOT}/Configuration/VeilBackend.plist" ]; then
  cp "${SRCROOT}/Configuration/VeilBackend.plist" "${TARGET_BUILD_DIR}/${UNLOCALIZED_RESOURCES_FOLDER_PATH}/VeilBackend.plist"
else
  rm -f "${TARGET_BUILD_DIR}/${UNLOCALIZED_RESOURCES_FOLDER_PATH}/VeilBackend.plist"
fi
</string>
			<key>runOnlyForDeploymentPostprocessing</key>
			<string>0</string>
			<key>alwaysOutOfDate</key>
			<string>1</string>
		</dict>
		<key>72EE8519B0B5650BB6309DAC</key>
		<dict>
			<key>isa</key>
			<string>PBXFileReference</string>
			<key>lastKnownFileType</key>
			<string>image.jpeg</string>
			<key>path</key>
			<string>Tests/PhotoVeilUITests/Fixtures/faces-edges-partial.jpg</string>
			<key>sourceTree</key>
			<string>SOURCE_ROOT</string>
		</dict>
		<key>00367703F4792F528E20B174</key>
		<dict>
			<key>isa</key>
			<string>PBXBuildFile</string>
			<key>fileRef</key>
			<string>72EE8519B0B5650BB6309DAC</string>
		</dict>
		<key>11542297B83FEA98F0034E83</key>
		<dict>
			<key>isa</key>
			<string>PBXFileReference</string>
			<key>lastKnownFileType</key>
			<string>image.jpeg</string>
			<key>path</key>
			<string>Tests/PhotoVeilUITests/Fixtures/faces-large-medium.jpg</string>
			<key>sourceTree</key>
			<string>SOURCE_ROOT</string>
		</dict>
		<key>9B10DB7AA7B9F9B5C2E368F2</key>
		<dict>
			<key>isa</key>
			<string>PBXBuildFile</string>
			<key>fileRef</key>
			<string>11542297B83FEA98F0034E83</string>
		</dict>
		<key>826961430A23D8004EDA5363</key>
		<dict>
			<key>isa</key>
			<string>PBXFileReference</string>
			<key>lastKnownFileType</key>
			<string>image.jpeg</string>
			<key>path</key>
			<string>Tests/PhotoVeilUITests/Fixtures/faces-small-landscape.jpg</string>
			<key>sourceTree</key>
			<string>SOURCE_ROOT</string>
		</dict>
		<key>D71FBFC6FB52E49CE9B18A26</key>
		<dict>
			<key>isa</key>
			<string>PBXBuildFile</string>
			<key>fileRef</key>
			<string>826961430A23D8004EDA5363</string>
		</dict>
		<key>29599A38BA13162B775EBC16</key>
		<dict>
			<key>isa</key>
			<string>PBXFileReference</string>
			<key>lastKnownFileType</key>
			<string>image.jpeg</string>
			<key>path</key>
			<string>Tests/PhotoVeilUITests/Fixtures/faces-small-portrait.jpg</string>
			<key>sourceTree</key>
			<string>SOURCE_ROOT</string>
		</dict>
		<key>E7DA42304ACC1B5612DDCD72</key>
		<dict>
			<key>isa</key>
			<string>PBXBuildFile</string>
			<key>fileRef</key>
			<string>29599A38BA13162B775EBC16</string>
		</dict>
		<key>6365AA3EF64329B8166B716E</key>
		<dict>
			<key>isa</key>
			<string>PBXFileReference</string>
			<key>lastKnownFileType</key>
			<string>image.jpeg</string>
			<key>path</key>
			<string>Tests/PhotoVeilUITests/Fixtures/sample-card.jpg</string>
			<key>sourceTree</key>
			<string>SOURCE_ROOT</string>
		</dict>
		<key>C378399D4CD14FE6C115BA91</key>
		<dict>
			<key>isa</key>
			<string>PBXBuildFile</string>
			<key>fileRef</key>
			<string>6365AA3EF64329B8166B716E</string>
		</dict>
		<key>E1904B9F4B75F5A6959E0ED9</key>
		<dict>
			<key>isa</key>
			<string>PBXFileReference</string>
			<key>lastKnownFileType</key>
			<string>sourcecode.swift</string>
			<key>path</key>
			<string>Sources/PhotoVeil/OAuthPresentation.swift</string>
			<key>sourceTree</key>
			<string>SOURCE_ROOT</string>
		</dict>
		<key>1563786605C6EBDBA941D0A8</key>
		<dict>
			<key>isa</key>
			<string>PBXBuildFile</string>
			<key>fileRef</key>
			<string>E1904B9F4B75F5A6959E0ED9</string>
		</dict>
	</dict>
	<key>rootObject</key>
	<string>8642ACF60E32BC9E3C379AB9</string>
</dict>
</plist>
